
Microsoft Visual Studio Solution File, Format Version 12.00
# Visual Studio Version 17
VisualStudioVersion = 17.14.36705.20 d17.14
MinimumVisualStudioVersion = 10.0.40219.1
Project("{FAE04EC0-301F-11D3-BF4B-00C04F79EFBC}") = "R2D2.ChatBot", "R2D2.ChatBot\R2D2.ChatBot\R2D2.ChatBot.csproj", "{079F38E9-33B1-4EF7-95E8-E15A76BC7300}"
EndProject
Project("{FAE04EC0-301F-11D3-BF4B-00C04F79EFBC}") = "R2D2.ChatBot.Tests", "R2D2.ChatBot\R2D2.ChatBot.Tests\R2D2.ChatBot.Tests.csproj", "{B9C40CAC-A153-4AD9-9623-C307C7B97CA8}"
EndProject
Global
	GlobalSection(SolutionConfigurationPlatforms) = preSolution
		Debug|Any CPU = Debug|Any CPU
		Release|Any CPU = Release|Any CPU
	EndGlobalSection
	GlobalSection(ProjectConfigurationPlatforms) = postSolution
		{079F38E9-33B1-4EF7-95E8-E15A76BC7300}.Debug|Any CPU.ActiveCfg = Debug|Any CPU
		{079F38E9-33B1-4EF7-95E8-E15A76BC7300}.Debug|Any CPU.Build.0 = Debug|Any CPU
		{079F38E9-33B1-4EF7-95E8-E15A76BC7300}.Release|Any CPU.ActiveCfg = Release|Any CPU
		{079F38E9-33B1-4EF7-95E8-E15A76BC7300}.Release|Any CPU.Build.0 = Release|Any CPU
		{B9C40CAC-A153-4AD9-9623-C307C7B97CA8}.Debug|Any CPU.ActiveCfg = Debug|Any CPU
		{B9C40CAC-A153-4AD9-9623-C307C7B97CA8}.Debug|Any CPU.Build.0 = Debug|Any CPU
		{B9C40CAC-A153-4AD9-9623-C307C7B97CA8}.Release|Any CPU.ActiveCfg = Release|Any CPU
		{B9C40CAC-A153-4AD9-9623-C307C7B97CA8}.Release|Any CPU.Build.0 = Release|Any CPU
	EndGlobalSection
	GlobalSection(SolutionProperties) = preSolution
		HideSolutionNode = FALSE
	EndGlobalSection
	GlobalSection(ExtensibilityGlobals) = postSolution
		SolutionGuid = {2764B013-1311-4087-BE4E-EAE0C91875F8}
	EndGlobalSection
EndGlobal
