
Microsoft Visual Studio Solution File, Format Version 12.00
# Visual Studio Version 17
VisualStudioVersion = 17.14.36705.20
MinimumVisualStudioVersion = 10.0.40219.1
Project("{FAE04EC0-301F-11D3-BF4B-00C04F79EFBC}") = "Roboto.Chatbot", "Roboto.Chatbot\Roboto.Chatbot.csproj", "{8AB78EB5-62F9-4D35-B246-6FA1DDFD165A}"
EndProject
Project("{FAE04EC0-301F-11D3-BF4B-00C04F79EFBC}") = "Roboto.Models", "Roboto.Models\Roboto.Models.csproj", "{39EE273C-69D5-453F-AD0E-C661633E5778}"
EndProject
Project("{FAE04EC0-301F-11D3-BF4B-00C04F79EFBC}") = "Roboto.Repository", "Roboto.Repository\Roboto.Repository.csproj", "{36A7C423-6955-4334-8BBC-4AAEF50D73CD}"
EndProject
Project("{FAE04EC0-301F-11D3-BF4B-00C04F79EFBC}") = "Roboto.Service", "Roboto.Service\Roboto.Service.csproj", "{1773C9BD-5999-414E-8B17-773FACE95567}"
EndProject
Project("{FAE04EC0-301F-11D3-BF4B-00C04F79EFBC}") = "Roboto.Repository.Tests", "Roboto.Repository.Tests\Roboto.Repository.Tests.csproj", "{DD5D4B97-DD60-4656-9D84-236529A1CB5F}"
EndProject
Project("{FAE04EC0-301F-11D3-BF4B-00C04F79EFBC}") = "Roboto.Service.Tests", "Roboto.Service.Tests\Roboto.Service.Tests.csproj", "{A2C7A037-E162-4B71-8BE4-0D11BA6988B3}"
EndProject
Project("{FAE04EC0-301F-11D3-BF4B-00C04F79EFBC}") = "Roboto.Sdk", "Roboto.Sdk\Roboto.Sdk.csproj", "{603A82E8-E320-43C8-BE56-9E1914D6EECE}"
EndProject
Project("{FAE04EC0-301F-11D3-BF4B-00C04F79EFBC}") = "Roboto.Dtos", "Roboto.Dtos\Roboto.Dtos.csproj", "{5EDE5D43-2F1B-48CC-ACD7-E0EA44CB822E}"
EndProject
Global
	GlobalSection(SolutionConfigurationPlatforms) = preSolution
		Debug|Any CPU = Debug|Any CPU
		Debug|x64 = Debug|x64
		Debug|x86 = Debug|x86
		Release|Any CPU = Release|Any CPU
		Release|x64 = Release|x64
		Release|x86 = Release|x86
	EndGlobalSection
	GlobalSection(ProjectConfigurationPlatforms) = postSolution
		{8AB78EB5-62F9-4D35-B246-6FA1DDFD165A}.Debug|Any CPU.ActiveCfg = Debug|Any CPU
		{8AB78EB5-62F9-4D35-B246-6FA1DDFD165A}.Debug|Any CPU.Build.0 = Debug|Any CPU
		{8AB78EB5-62F9-4D35-B246-6FA1DDFD165A}.Debug|x64.ActiveCfg = Debug|Any CPU
		{8AB78EB5-62F9-4D35-B246-6FA1DDFD165A}.Debug|x64.Build.0 = Debug|Any CPU
		{8AB78EB5-62F9-4D35-B246-6FA1DDFD165A}.Debug|x86.ActiveCfg = Debug|Any CPU
		{8AB78EB5-62F9-4D35-B246-6FA1DDFD165A}.Debug|x86.Build.0 = Debug|Any CPU
		{8AB78EB5-62F9-4D35-B246-6FA1DDFD165A}.Release|Any CPU.ActiveCfg = Release|Any CPU
		{8AB78EB5-62F9-4D35-B246-6FA1DDFD165A}.Release|Any CPU.Build.0 = Release|Any CPU
		{8AB78EB5-62F9-4D35-B246-6FA1DDFD165A}.Release|x64.ActiveCfg = Release|Any CPU
		{8AB78EB5-62F9-4D35-B246-6FA1DDFD165A}.Release|x64.Build.0 = Release|Any CPU
		{8AB78EB5-62F9-4D35-B246-6FA1DDFD165A}.Release|x86.ActiveCfg = Release|Any CPU
		{8AB78EB5-62F9-4D35-B246-6FA1DDFD165A}.Release|x86.Build.0 = Release|Any CPU
		{39EE273C-69D5-453F-AD0E-C661633E5778}.Debug|Any CPU.ActiveCfg = Debug|Any CPU
		{39EE273C-69D5-453F-AD0E-C661633E5778}.Debug|Any CPU.Build.0 = Debug|Any CPU
		{39EE273C-69D5-453F-AD0E-C661633E5778}.Debug|x64.ActiveCfg = Debug|Any CPU
		{39EE273C-69D5-453F-AD0E-C661633E5778}.Debug|x64.Build.0 = Debug|Any CPU
		{39EE273C-69D5-453F-AD0E-C661633E5778}.Debug|x86.ActiveCfg = Debug|Any CPU
		{39EE273C-69D5-453F-AD0E-C661633E5778}.Debug|x86.Build.0 = Debug|Any CPU
		{39EE273C-69D5-453F-AD0E-C661633E5778}.Release|Any CPU.ActiveCfg = Release|Any CPU
		{39EE273C-69D5-453F-AD0E-C661633E5778}.Release|Any CPU.Build.0 = Release|Any CPU
		{39EE273C-69D5-453F-AD0E-C661633E5778}.Release|x64.ActiveCfg = Release|Any CPU
		{39EE273C-69D5-453F-AD0E-C661633E5778}.Release|x64.Build.0 = Release|Any CPU
		{39EE273C-69D5-453F-AD0E-C661633E5778}.Release|x86.ActiveCfg = Release|Any CPU
		{39EE273C-69D5-453F-AD0E-C661633E5778}.Release|x86.Build.0 = Release|Any CPU
		{36A7C423-6955-4334-8BBC-4AAEF50D73CD}.Debug|Any CPU.ActiveCfg = Debug|Any CPU
		{36A7C423-6955-4334-8BBC-4AAEF50D73CD}.Debug|Any CPU.Build.0 = Debug|Any CPU
		{36A7C423-6955-4334-8BBC-4AAEF50D73CD}.Debug|x64.ActiveCfg = Debug|Any CPU
		{36A7C423-6955-4334-8BBC-4AAEF50D73CD}.Debug|x64.Build.0 = Debug|Any CPU
		{36A7C423-6955-4334-8BBC-4AAEF50D73CD}.Debug|x86.ActiveCfg = Debug|Any CPU
		{36A7C423-6955-4334-8BBC-4AAEF50D73CD}.Debug|x86.Build.0 = Debug|Any CPU
		{36A7C423-6955-4334-8BBC-4AAEF50D73CD}.Release|Any CPU.ActiveCfg = Release|Any CPU
		{36A7C423-6955-4334-8BBC-4AAEF50D73CD}.Release|Any CPU.Build.0 = Release|Any CPU
		{36A7C423-6955-4334-8BBC-4AAEF50D73CD}.Release|x64.ActiveCfg = Release|Any CPU
		{36A7C423-6955-4334-8BBC-4AAEF50D73CD}.Release|x64.Build.0 = Release|Any CPU
		{36A7C423-6955-4334-8BBC-4AAEF50D73CD}.Release|x86.ActiveCfg = Release|Any CPU
		{36A7C423-6955-4334-8BBC-4AAEF50D73CD}.Release|x86.Build.0 = Release|Any CPU
		{1773C9BD-5999-414E-8B17-773FACE95567}.Debug|Any CPU.ActiveCfg = Debug|Any CPU
		{1773C9BD-5999-414E-8B17-773FACE95567}.Debug|Any CPU.Build.0 = Debug|Any CPU
		{1773C9BD-5999-414E-8B17-773FACE95567}.Debug|x64.ActiveCfg = Debug|Any CPU
		{1773C9BD-5999-414E-8B17-773FACE95567}.Debug|x64.Build.0 = Debug|Any CPU
		{1773C9BD-5999-414E-8B17-773FACE95567}.Debug|x86.ActiveCfg = Debug|Any CPU
		{1773C9BD-5999-414E-8B17-773FACE95567}.Debug|x86.Build.0 = Debug|Any CPU
		{1773C9BD-5999-414E-8B17-773FACE95567}.Release|Any CPU.ActiveCfg = Release|Any CPU
		{1773C9BD-5999-414E-8B17-773FACE95567}.Release|Any CPU.Build.0 = Release|Any CPU
		{1773C9BD-5999-414E-8B17-773FACE95567}.Release|x64.ActiveCfg = Release|Any CPU
		{1773C9BD-5999-414E-8B17-773FACE95567}.Release|x64.Build.0 = Release|Any CPU
		{1773C9BD-5999-414E-8B17-773FACE95567}.Release|x86.ActiveCfg = Release|Any CPU
		{1773C9BD-5999-414E-8B17-773FACE95567}.Release|x86.Build.0 = Release|Any CPU
		{DD5D4B97-DD60-4656-9D84-236529A1CB5F}.Debug|Any CPU.ActiveCfg = Debug|Any CPU
		{DD5D4B97-DD60-4656-9D84-236529A1CB5F}.Debug|Any CPU.Build.0 = Debug|Any CPU
		{DD5D4B97-DD60-4656-9D84-236529A1CB5F}.Debug|x64.ActiveCfg = Debug|Any CPU
		{DD5D4B97-DD60-4656-9D84-236529A1CB5F}.Debug|x64.Build.0 = Debug|Any CPU
		{DD5D4B97-DD60-4656-9D84-236529A1CB5F}.Debug|x86.ActiveCfg = Debug|Any CPU
		{DD5D4B97-DD60-4656-9D84-236529A1CB5F}.Debug|x86.Build.0 = Debug|Any CPU
		{DD5D4B97-DD60-4656-9D84-236529A1CB5F}.Release|Any CPU.ActiveCfg = Release|Any CPU
		{DD5D4B97-DD60-4656-9D84-236529A1CB5F}.Release|Any CPU.Build.0 = Release|Any CPU
		{DD5D4B97-DD60-4656-9D84-236529A1CB5F}.Release|x64.ActiveCfg = Release|Any CPU
		{DD5D4B97-DD60-4656-9D84-236529A1CB5F}.Release|x64.Build.0 = Release|Any CPU
		{DD5D4B97-DD60-4656-9D84-236529A1CB5F}.Release|x86.ActiveCfg = Release|Any CPU
		{DD5D4B97-DD60-4656-9D84-236529A1CB5F}.Release|x86.Build.0 = Release|Any CPU
		{A2C7A037-E162-4B71-8BE4-0D11BA6988B3}.Debug|Any CPU.ActiveCfg = Debug|Any CPU
		{A2C7A037-E162-4B71-8BE4-0D11BA6988B3}.Debug|Any CPU.Build.0 = Debug|Any CPU
		{A2C7A037-E162-4B71-8BE4-0D11BA6988B3}.Debug|x64.ActiveCfg = Debug|Any CPU
		{A2C7A037-E162-4B71-8BE4-0D11BA6988B3}.Debug|x64.Build.0 = Debug|Any CPU
		{A2C7A037-E162-4B71-8BE4-0D11BA6988B3}.Debug|x86.ActiveCfg = Debug|Any CPU
		{A2C7A037-E162-4B71-8BE4-0D11BA6988B3}.Debug|x86.Build.0 = Debug|Any CPU
		{A2C7A037-E162-4B71-8BE4-0D11BA6988B3}.Release|Any CPU.ActiveCfg = Release|Any CPU
		{A2C7A037-E162-4B71-8BE4-0D11BA6988B3}.Release|Any CPU.Build.0 = Release|Any CPU
		{A2C7A037-E162-4B71-8BE4-0D11BA6988B3}.Release|x64.ActiveCfg = Release|Any CPU
		{A2C7A037-E162-4B71-8BE4-0D11BA6988B3}.Release|x64.Build.0 = Release|Any CPU
		{A2C7A037-E162-4B71-8BE4-0D11BA6988B3}.Release|x86.ActiveCfg = Release|Any CPU
		{A2C7A037-E162-4B71-8BE4-0D11BA6988B3}.Release|x86.Build.0 = Release|Any CPU
		{603A82E8-E320-43C8-BE56-9E1914D6EECE}.Debug|Any CPU.ActiveCfg = Debug|Any CPU
		{603A82E8-E320-43C8-BE56-9E1914D6EECE}.Debug|Any CPU.Build.0 = Debug|Any CPU
		{603A82E8-E320-43C8-BE56-9E1914D6EECE}.Debug|x64.ActiveCfg = Debug|Any CPU
		{603A82E8-E320-43C8-BE56-9E1914D6EECE}.Debug|x64.Build.0 = Debug|Any CPU
		{603A82E8-E320-43C8-BE56-9E1914D6EECE}.Debug|x86.ActiveCfg = Debug|Any CPU
		{603A82E8-E320-43C8-BE56-9E1914D6EECE}.Debug|x86.Build.0 = Debug|Any CPU
		{603A82E8-E320-43C8-BE56-9E1914D6EECE}.Release|Any CPU.ActiveCfg = Release|Any CPU
		{603A82E8-E320-43C8-BE56-9E1914D6EECE}.Release|Any CPU.Build.0 = Release|Any CPU
		{603A82E8-E320-43C8-BE56-9E1914D6EECE}.Release|x64.ActiveCfg = Release|Any CPU
		{603A82E8-E320-43C8-BE56-9E1914D6EECE}.Release|x64.Build.0 = Release|Any CPU
		{603A82E8-E320-43C8-BE56-9E1914D6EECE}.Release|x86.ActiveCfg = Release|Any CPU
		{603A82E8-E320-43C8-BE56-9E1914D6EECE}.Release|x86.Build.0 = Release|Any CPU
		{5EDE5D43-2F1B-48CC-ACD7-E0EA44CB822E}.Debug|Any CPU.ActiveCfg = Debug|Any CPU
		{5EDE5D43-2F1B-48CC-ACD7-E0EA44CB822E}.Debug|Any CPU.Build.0 = Debug|Any CPU
		{5EDE5D43-2F1B-48CC-ACD7-E0EA44CB822E}.Debug|x64.ActiveCfg = Debug|Any CPU
		{5EDE5D43-2F1B-48CC-ACD7-E0EA44CB822E}.Debug|x64.Build.0 = Debug|Any CPU
		{5EDE5D43-2F1B-48CC-ACD7-E0EA44CB822E}.Debug|x86.ActiveCfg = Debug|Any CPU
		{5EDE5D43-2F1B-48CC-ACD7-E0EA44CB822E}.Debug|x86.Build.0 = Debug|Any CPU
		{5EDE5D43-2F1B-48CC-ACD7-E0EA44CB822E}.Release|Any CPU.ActiveCfg = Release|Any CPU
		{5EDE5D43-2F1B-48CC-ACD7-E0EA44CB822E}.Release|Any CPU.Build.0 = Release|Any CPU
		{5EDE5D43-2F1B-48CC-ACD7-E0EA44CB822E}.Release|x64.ActiveCfg = Release|Any CPU
		{5EDE5D43-2F1B-48CC-ACD7-E0EA44CB822E}.Release|x64.Build.0 = Release|Any CPU
		{5EDE5D43-2F1B-48CC-ACD7-E0EA44CB822E}.Release|x86.ActiveCfg = Release|Any CPU
		{5EDE5D43-2F1B-48CC-ACD7-E0EA44CB822E}.Release|x86.Build.0 = Release|Any CPU
	EndGlobalSection
	GlobalSection(SolutionProperties) = preSolution
		HideSolutionNode = FALSE
	EndGlobalSection
	GlobalSection(ExtensibilityGlobals) = postSolution
		SolutionGuid = {8169CD5C-F897-43FF-A658-3E87C11FDAE7}
	EndGlobalSection
EndGlobal
