
Microsoft Visual Studio Solution File, Format Version 12.00
# Visual Studio Version 17
VisualStudioVersion = 17.14.36705.20
MinimumVisualStudioVersion = 10.0.40219.1
Project("{FAE04EC0-301F-11D3-BF4B-00C04F79EFBC}") = "Roboto.Chatbot", "Roboto.Chatbot\Roboto.Chatbot.csproj", "{8AB78EB5-62F9-4D35-B246-6FA1DDFD165A}"
EndProject
Project("{FAE04EC0-301F-11D3-BF4B-00C04F79EFBC}") = "Roboto.Models", "Roboto.Models\Roboto.Models.csproj", "{39EE273C-69D5-453F-AD0E-C661633E5778}"
EndProject
Global
	GlobalSection(SolutionConfigurationPlatforms) = preSolution
		Debug|Any CPU = Debug|Any CPU
		Release|Any CPU = Release|Any CPU
	EndGlobalSection
	GlobalSection(ProjectConfigurationPlatforms) = postSolution
		{8AB78EB5-62F9-4D35-B246-6FA1DDFD165A}.Debug|Any CPU.ActiveCfg = Debug|Any CPU
		{8AB78EB5-62F9-4D35-B246-6FA1DDFD165A}.Debug|Any CPU.Build.0 = Debug|Any CPU
		{8AB78EB5-62F9-4D35-B246-6FA1DDFD165A}.Release|Any CPU.ActiveCfg = Release|Any CPU
		{8AB78EB5-62F9-4D35-B246-6FA1DDFD165A}.Release|Any CPU.Build.0 = Release|Any CPU
		{39EE273C-69D5-453F-AD0E-C661633E5778}.Debug|Any CPU.ActiveCfg = Debug|Any CPU
		{39EE273C-69D5-453F-AD0E-C661633E5778}.Debug|Any CPU.Build.0 = Debug|Any CPU
		{39EE273C-69D5-453F-AD0E-C661633E5778}.Release|Any CPU.ActiveCfg = Release|Any CPU
		{39EE273C-69D5-453F-AD0E-C661633E5778}.Release|Any CPU.Build.0 = Release|Any CPU
	EndGlobalSection
	GlobalSection(SolutionProperties) = preSolution
		HideSolutionNode = FALSE
	EndGlobalSection
	GlobalSection(ExtensibilityGlobals) = postSolution
		SolutionGuid = {8169CD5C-F897-43FF-A658-3E87C11FDAE7}
	EndGlobalSection
EndGlobal
